// !$*UTF8*$!
{
	archiveVersion = 1;
	classes = {
	};
	objectVersion = 56;
	objects = {

/* Begin PBXBuildFile section */
		D135B6E12B824FD900FE4CB0 /* T_Shirt_MealsApp.swift in Sources */ = {isa = PBXBuildFile; fileRef = D135B6E02B824FD900FE4CB0 /* T_Shirt_MealsApp.swift */; };
		D135B6E32B824FD900FE4CB0 /* TodayView.swift in Sources */ = {isa = PBXBuildFile; fileRef = D135B6E22B824FD900FE4CB0 /* TodayView.swift */; };
		D135B6E52B824FDB00FE4CB0 /* Assets.xcassets in Resources */ = {isa = PBXBuildFile; fileRef = D135B6E42B824FDB00FE4CB0 /* Assets.xcassets */; };
		D135B6E82B824FDB00FE4CB0 /* Preview Assets.xcassets in Resources */ = {isa = PBXBuildFile; fileRef = D135B6E72B824FDB00FE4CB0 /* Preview Assets.xcassets */; };
		D135B6F22B82517200FE4CB0 /* Meal.swift in Sources */ = {isa = PBXBuildFile; fileRef = D135B6F12B82517200FE4CB0 /* Meal.swift */; };
		D135B6F42B82519400FE4CB0 /* Size.swift in Sources */ = {isa = PBXBuildFile; fileRef = D135B6F32B82519400FE4CB0 /* Size.swift */; };
		D135B6F82B8252DD00FE4CB0 /* MealCardView.swift in Sources */ = {isa = PBXBuildFile; fileRef = D135B6F72B8252DD00FE4CB0 /* MealCardView.swift */; };
		D135B6FA2B8255B800FE4CB0 /* MenuView.swift in Sources */ = {isa = PBXBuildFile; fileRef = D135B6F92B8255B800FE4CB0 /* MenuView.swift */; };
		D135B6FE2B82581200FE4CB0 /* MainView.swift in Sources */ = {isa = PBXBuildFile; fileRef = D135B6FD2B82581200FE4CB0 /* MainView.swift */; };
		D135B7002B82641A00FE4CB0 /* AddMenuMealView.swift in Sources */ = {isa = PBXBuildFile; fileRef = D135B6FF2B82641A00FE4CB0 /* AddMenuMealView.swift */; };
		D135B7052B8269B500FE4CB0 /* BackgroundButton.swift in Sources */ = {isa = PBXBuildFile; fileRef = D135B7042B8269B500FE4CB0 /* BackgroundButton.swift */; };
		D13FC1352B9CAE10004B3187 /* BodyWeightEntry.swift in Sources */ = {isa = PBXBuildFile; fileRef = D13FC1342B9CAE10004B3187 /* BodyWeightEntry.swift */; };
		D13FC1382B9CAE83004B3187 /* WeightView.swift in Sources */ = {isa = PBXBuildFile; fileRef = D13FC1372B9CAE83004B3187 /* WeightView.swift */; };
		D13FC13C2B9CBCE7004B3187 /* SettingsView.swift in Sources */ = {isa = PBXBuildFile; fileRef = D13FC13B2B9CBCE7004B3187 /* SettingsView.swift */; };
		D17995DE2B8B81BD0029D35E /* EditMenuMealView.swift in Sources */ = {isa = PBXBuildFile; fileRef = D17995DD2B8B81BD0029D35E /* EditMenuMealView.swift */; };
		D1C4A04A2B93843A004A62ED /* Entry.swift in Sources */ = {isa = PBXBuildFile; fileRef = D1C4A0492B93843A004A62ED /* Entry.swift */; };
		D1C4A04F2B93857A004A62ED /* AddEntryView.swift in Sources */ = {isa = PBXBuildFile; fileRef = D1C4A04E2B93857A004A62ED /* AddEntryView.swift */; };
		D1C4A0542B938CCE004A62ED /* EditEntryView.swift in Sources */ = {isa = PBXBuildFile; fileRef = D1C4A0532B938CCE004A62ED /* EditEntryView.swift */; };
		D1C4A0562B93975D004A62ED /* MealSelectionView.swift in Sources */ = {isa = PBXBuildFile; fileRef = D1C4A0552B93975D004A62ED /* MealSelectionView.swift */; };
		D1C4A0582B939C11004A62ED /* Date.swift in Sources */ = {isa = PBXBuildFile; fileRef = D1C4A0572B939C11004A62ED /* Date.swift */; };
/* End PBXBuildFile section */

/* Begin PBXFileReference section */
		D135B6DD2B824FD900FE4CB0 /* T-Shirt Meals.app */ = {isa = PBXFileReference; explicitFileType = wrapper.application; includeInIndex = 0; path = "T-Shirt Meals.app"; sourceTree = BUILT_PRODUCTS_DIR; };
		D135B6E02B824FD900FE4CB0 /* T_Shirt_MealsApp.swift */ = {isa = PBXFileReference; lastKnownFileType = sourcecode.swift; path = T_Shirt_MealsApp.swift; sourceTree = "<group>"; };
		D135B6E22B824FD900FE4CB0 /* TodayView.swift */ = {isa = PBXFileReference; lastKnownFileType = sourcecode.swift; path = TodayView.swift; sourceTree = "<group>"; };
		D135B6E42B824FDB00FE4CB0 /* Assets.xcassets */ = {isa = PBXFileReference; lastKnownFileType = folder.assetcatalog; path = Assets.xcassets; sourceTree = "<group>"; };
		D135B6E72B824FDB00FE4CB0 /* Preview Assets.xcassets */ = {isa = PBXFileReference; lastKnownFileType = folder.assetcatalog; path = "Preview Assets.xcassets"; sourceTree = "<group>"; };
		D135B6F12B82517200FE4CB0 /* Meal.swift */ = {isa = PBXFileReference; lastKnownFileType = sourcecode.swift; path = Meal.swift; sourceTree = "<group>"; };
		D135B6F32B82519400FE4CB0 /* Size.swift */ = {isa = PBXFileReference; lastKnownFileType = sourcecode.swift; path = Size.swift; sourceTree = "<group>"; };
		D135B6F72B8252DD00FE4CB0 /* MealCardView.swift */ = {isa = PBXFileReference; lastKnownFileType = sourcecode.swift; path = MealCardView.swift; sourceTree = "<group>"; };
		D135B6F92B8255B800FE4CB0 /* MenuView.swift */ = {isa = PBXFileReference; lastKnownFileType = sourcecode.swift; path = MenuView.swift; sourceTree = "<group>"; };
		D135B6FD2B82581200FE4CB0 /* MainView.swift */ = {isa = PBXFileReference; lastKnownFileType = sourcecode.swift; path = MainView.swift; sourceTree = "<group>"; };
		D135B6FF2B82641A00FE4CB0 /* AddMenuMealView.swift */ = {isa = PBXFileReference; lastKnownFileType = sourcecode.swift; path = AddMenuMealView.swift; sourceTree = "<group>"; };
		D135B7042B8269B500FE4CB0 /* BackgroundButton.swift */ = {isa = PBXFileReference; lastKnownFileType = sourcecode.swift; path = BackgroundButton.swift; sourceTree = "<group>"; };
		D13FC1342B9CAE10004B3187 /* BodyWeightEntry.swift */ = {isa = PBXFileReference; lastKnownFileType = sourcecode.swift; path = BodyWeightEntry.swift; sourceTree = "<group>"; };
		D13FC1372B9CAE83004B3187 /* WeightView.swift */ = {isa = PBXFileReference; lastKnownFileType = sourcecode.swift; path = WeightView.swift; sourceTree = "<group>"; };
		D13FC1392B9CB549004B3187 /* T-Shirt Meals.entitlements */ = {isa = PBXFileReference; lastKnownFileType = text.plist.entitlements; path = "T-Shirt Meals.entitlements"; sourceTree = "<group>"; };
		D13FC13B2B9CBCE7004B3187 /* SettingsView.swift */ = {isa = PBXFileReference; lastKnownFileType = sourcecode.swift; path = SettingsView.swift; sourceTree = "<group>"; };
		D17995DD2B8B81BD0029D35E /* EditMenuMealView.swift */ = {isa = PBXFileReference; lastKnownFileType = sourcecode.swift; path = EditMenuMealView.swift; sourceTree = "<group>"; };
		D1C4A0492B93843A004A62ED /* Entry.swift */ = {isa = PBXFileReference; lastKnownFileType = sourcecode.swift; path = Entry.swift; sourceTree = "<group>"; };
		D1C4A04E2B93857A004A62ED /* AddEntryView.swift */ = {isa = PBXFileReference; lastKnownFileType = sourcecode.swift; path = AddEntryView.swift; sourceTree = "<group>"; };
		D1C4A0532B938CCE004A62ED /* EditEntryView.swift */ = {isa = PBXFileReference; lastKnownFileType = sourcecode.swift; path = EditEntryView.swift; sourceTree = "<group>"; };
		D1C4A0552B93975D004A62ED /* MealSelectionView.swift */ = {isa = PBXFileReference; lastKnownFileType = sourcecode.swift; path = MealSelectionView.swift; sourceTree = "<group>"; };
		D1C4A0572B939C11004A62ED /* Date.swift */ = {isa = PBXFileReference; lastKnownFileType = sourcecode.swift; path = Date.swift; sourceTree = "<group>"; };
/* End PBXFileReference section */

/* Begin PBXFrameworksBuildPhase section */
		D135B6DA2B824FD900FE4CB0 /* Frameworks */ = {
			isa = PBXFrameworksBuildPhase;
			buildActionMask = 2147483647;
			files = (
			);
			runOnlyForDeploymentPostprocessing = 0;
		};
/* End PBXFrameworksBuildPhase section */

/* Begin PBXGroup section */
		D135B6D42B824FD900FE4CB0 = {
			isa = PBXGroup;
			children = (
				D135B6DF2B824FD900FE4CB0 /* T-Shirt Meals */,
				D135B6DE2B824FD900FE4CB0 /* Products */,
			);
			sourceTree = "<group>";
		};
		D135B6DE2B824FD900FE4CB0 /* Products */ = {
			isa = PBXGroup;
			children = (
				D135B6DD2B824FD900FE4CB0 /* T-Shirt Meals.app */,
			);
			name = Products;
			sourceTree = "<group>";
		};
		D135B6DF2B824FD900FE4CB0 /* T-Shirt Meals */ = {
			isa = PBXGroup;
			children = (
				D13FC1392B9CB549004B3187 /* T-Shirt Meals.entitlements */,
				D1C4A0502B938893004A62ED /* Helpers */,
				D1C4A04C2B93854A004A62ED /* Components */,
				D135B6EE2B8250B800FE4CB0 /* Models */,
				D135B6F52B8252B700FE4CB0 /* Views */,
				D135B6E02B824FD900FE4CB0 /* T_Shirt_MealsApp.swift */,
				D135B6E42B824FDB00FE4CB0 /* Assets.xcassets */,
				D135B6E62B824FDB00FE4CB0 /* Preview Content */,
			);
			path = "T-Shirt Meals";
			sourceTree = "<group>";
		};
		D135B6E62B824FDB00FE4CB0 /* Preview Content */ = {
			isa = PBXGroup;
			children = (
				D135B6E72B824FDB00FE4CB0 /* Preview Assets.xcassets */,
			);
			path = "Preview Content";
			sourceTree = "<group>";
		};
		D135B6EE2B8250B800FE4CB0 /* Models */ = {
			isa = PBXGroup;
			children = (
				D135B6F12B82517200FE4CB0 /* Meal.swift */,
				D135B6F32B82519400FE4CB0 /* Size.swift */,
				D1C4A0492B93843A004A62ED /* Entry.swift */,
				D13FC1342B9CAE10004B3187 /* BodyWeightEntry.swift */,
			);
			path = Models;
			sourceTree = "<group>";
		};
		D135B6F52B8252B700FE4CB0 /* Views */ = {
			isa = PBXGroup;
			children = (
				D13FC13A2B9CBCDB004B3187 /* Settings */,
				D1C4A04D2B938554004A62ED /* Today */,
				D1C4A04B2B93852B004A62ED /* Menu */,
				D13FC1362B9CAE71004B3187 /* Weight */,
				D135B6FD2B82581200FE4CB0 /* MainView.swift */,
			);
			path = Views;
			sourceTree = "<group>";
		};
		D13FC1362B9CAE71004B3187 /* Weight */ = {
			isa = PBXGroup;
			children = (
				D13FC1372B9CAE83004B3187 /* WeightView.swift */,
			);
			path = Weight;
			sourceTree = "<group>";
		};
		D13FC13A2B9CBCDB004B3187 /* Settings */ = {
			isa = PBXGroup;
			children = (
				D13FC13B2B9CBCE7004B3187 /* SettingsView.swift */,
			);
			path = Settings;
			sourceTree = "<group>";
		};
		D1C4A04B2B93852B004A62ED /* Menu */ = {
			isa = PBXGroup;
			children = (
				D135B6F92B8255B800FE4CB0 /* MenuView.swift */,
				D135B6F72B8252DD00FE4CB0 /* MealCardView.swift */,
				D135B6FF2B82641A00FE4CB0 /* AddMenuMealView.swift */,
				D17995DD2B8B81BD0029D35E /* EditMenuMealView.swift */,
			);
			path = Menu;
			sourceTree = "<group>";
		};
		D1C4A04C2B93854A004A62ED /* Components */ = {
			isa = PBXGroup;
			children = (
				D135B7042B8269B500FE4CB0 /* BackgroundButton.swift */,
			);
			path = Components;
			sourceTree = "<group>";
		};
		D1C4A04D2B938554004A62ED /* Today */ = {
			isa = PBXGroup;
			children = (
				D135B6E22B824FD900FE4CB0 /* TodayView.swift */,
				D1C4A04E2B93857A004A62ED /* AddEntryView.swift */,
				D1C4A0532B938CCE004A62ED /* EditEntryView.swift */,
				D1C4A0552B93975D004A62ED /* MealSelectionView.swift */,
			);
			path = Today;
			sourceTree = "<group>";
		};
		D1C4A0502B938893004A62ED /* Helpers */ = {
			isa = PBXGroup;
			children = (
				D1C4A0572B939C11004A62ED /* Date.swift */,
			);
			path = Helpers;
			sourceTree = "<group>";
		};
/* End PBXGroup section */

/* Begin PBXNativeTarget section */
		D135B6DC2B824FD900FE4CB0 /* T-Shirt Meals */ = {
			isa = PBXNativeTarget;
			buildConfigurationList = D135B6EB2B824FDB00FE4CB0 /* Build configuration list for PBXNativeTarget "T-Shirt Meals" */;
			buildPhases = (
				D135B6D92B824FD900FE4CB0 /* Sources */,
				D135B6DA2B824FD900FE4CB0 /* Frameworks */,
				D135B6DB2B824FD900FE4CB0 /* Resources */,
			);
			buildRules = (
			);
			dependencies = (
			);
			name = "T-Shirt Meals";
			productName = "T-Shirt Meals";
			productReference = D135B6DD2B824FD900FE4CB0 /* T-Shirt Meals.app */;
			productType = "com.apple.product-type.application";
		};
/* End PBXNativeTarget section */

/* Begin PBXProject section */
		D135B6D52B824FD900FE4CB0 /* Project object */ = {
			isa = PBXProject;
			attributes = {
				BuildIndependentTargetsInParallel = 1;
				LastSwiftUpdateCheck = 1520;
				LastUpgradeCheck = 1520;
				TargetAttributes = {
					D135B6DC2B824FD900FE4CB0 = {
						CreatedOnToolsVersion = 15.2;
					};
				};
			};
			buildConfigurationList = D135B6D82B824FD900FE4CB0 /* Build configuration list for PBXProject "T-Shirt Meals" */;
			compatibilityVersion = "Xcode 14.0";
			developmentRegion = en;
			hasScannedForEncodings = 0;
			knownRegions = (
				en,
				Base,
			);
			mainGroup = D135B6D42B824FD900FE4CB0;
			productRefGroup = D135B6DE2B824FD900FE4CB0 /* Products */;
			projectDirPath = "";
			projectRoot = "";
			targets = (
				D135B6DC2B824FD900FE4CB0 /* T-Shirt Meals */,
			);
		};
/* End PBXProject section */

/* Begin PBXResourcesBuildPhase section */
		D135B6DB2B824FD900FE4CB0 /* Resources */ = {
			isa = PBXResourcesBuildPhase;
			buildActionMask = 2147483647;
			files = (
				D135B6E82B824FDB00FE4CB0 /* Preview Assets.xcassets in Resources */,
				D135B6E52B824FDB00FE4CB0 /* Assets.xcassets in Resources */,
			);
			runOnlyForDeploymentPostprocessing = 0;
		};
/* End PBXResourcesBuildPhase section */

/* Begin PBXSourcesBuildPhase section */
		D135B6D92B824FD900FE4CB0 /* Sources */ = {
			isa = PBXSourcesBuildPhase;
			buildActionMask = 2147483647;
			files = (
				D135B7002B82641A00FE4CB0 /* AddMenuMealView.swift in Sources */,
				D13FC1382B9CAE83004B3187 /* WeightView.swift in Sources */,
				D1C4A0582B939C11004A62ED /* Date.swift in Sources */,
				D13FC13C2B9CBCE7004B3187 /* SettingsView.swift in Sources */,
				D135B6F22B82517200FE4CB0 /* Meal.swift in Sources */,
				D135B7052B8269B500FE4CB0 /* BackgroundButton.swift in Sources */,
				D1C4A04F2B93857A004A62ED /* AddEntryView.swift in Sources */,
				D135B6FE2B82581200FE4CB0 /* MainView.swift in Sources */,
				D135B6FA2B8255B800FE4CB0 /* MenuView.swift in Sources */,
				D135B6F42B82519400FE4CB0 /* Size.swift in Sources */,
				D13FC1352B9CAE10004B3187 /* BodyWeightEntry.swift in Sources */,
				D1C4A0542B938CCE004A62ED /* EditEntryView.swift in Sources */,
				D1C4A04A2B93843A004A62ED /* Entry.swift in Sources */,
				D135B6F82B8252DD00FE4CB0 /* MealCardView.swift in Sources */,
				D135B6E32B824FD900FE4CB0 /* TodayView.swift in Sources */,
				D17995DE2B8B81BD0029D35E /* EditMenuMealView.swift in Sources */,
				D1C4A0562B93975D004A62ED /* MealSelectionView.swift in Sources */,
				D135B6E12B824FD900FE4CB0 /* T_Shirt_MealsApp.swift in Sources */,
			);
			runOnlyForDeploymentPostprocessing = 0;
		};
/* End PBXSourcesBuildPhase section */

/* Begin XCBuildConfiguration section */
		D135B6E92B824FDB00FE4CB0 /* Debug */ = {
			isa = XCBuildConfiguration;
			buildSettings = {
				ALWAYS_SEARCH_USER_PATHS = NO;
				ASSETCATALOG_COMPILER_GENERATE_SWIFT_ASSET_SYMBOL_EXTENSIONS = YES;
				CLANG_ANALYZER_NONNULL = YES;
				CLANG_ANALYZER_NUMBER_OBJECT_CONVERSION = YES_AGGRESSIVE;
				CLANG_CXX_LANGUAGE_STANDARD = "gnu++20";
				CLANG_ENABLE_MODULES = YES;
				CLANG_ENABLE_OBJC_ARC = YES;
				CLANG_ENABLE_OBJC_WEAK = YES;
				CLANG_WARN_BLOCK_CAPTURE_AUTORELEASING = YES;
				CLANG_WARN_BOOL_CONVERSION = YES;
				CLANG_WARN_COMMA = YES;
				CLANG_WARN_CONSTANT_CONVERSION = YES;
				CLANG_WARN_DEPRECATED_OBJC_IMPLEMENTATIONS = YES;
				CLANG_WARN_DIRECT_OBJC_ISA_USAGE = YES_ERROR;
				CLANG_WARN_DOCUMENTATION_COMMENTS = YES;
				CLANG_WARN_EMPTY_BODY = YES;
				CLANG_WARN_ENUM_CONVERSION = YES;
				CLANG_WARN_INFINITE_RECURSION = YES;
				CLANG_WARN_INT_CONVERSION = YES;
				CLANG_WARN_NON_LITERAL_NULL_CONVERSION = YES;
				CLANG_WARN_OBJC_IMPLICIT_RETAIN_SELF = YES;
				CLANG_WARN_OBJC_LITERAL_CONVERSION = YES;
				CLANG_WARN_OBJC_ROOT_CLASS = YES_ERROR;
				CLANG_WARN_QUOTED_INCLUDE_IN_FRAMEWORK_HEADER = YES;
				CLANG_WARN_RANGE_LOOP_ANALYSIS = YES;
				CLANG_WARN_STRICT_PROTOTYPES = YES;
				CLANG_WARN_SUSPICIOUS_MOVE = YES;
				CLANG_WARN_UNGUARDED_AVAILABILITY = YES_AGGRESSIVE;
				CLANG_WARN_UNREACHABLE_CODE = YES;
				CLANG_WARN__DUPLICATE_METHOD_MATCH = YES;
				COPY_PHASE_STRIP = NO;
				DEBUG_INFORMATION_FORMAT = dwarf;
				ENABLE_STRICT_OBJC_MSGSEND = YES;
				ENABLE_TESTABILITY = YES;
				ENABLE_USER_SCRIPT_SANDBOXING = YES;
				GCC_C_LANGUAGE_STANDARD = gnu17;
				GCC_DYNAMIC_NO_PIC = NO;
				GCC_NO_COMMON_BLOCKS = YES;
				GCC_OPTIMIZATION_LEVEL = 0;
				GCC_PREPROCESSOR_DEFINITIONS = (
					"DEBUG=1",
					"$(inherited)",
				);
				GCC_WARN_64_TO_32_BIT_CONVERSION = YES;
				GCC_WARN_ABOUT_RETURN_TYPE = YES_ERROR;
				GCC_WARN_UNDECLARED_SELECTOR = YES;
				GCC_WARN_UNINITIALIZED_AUTOS = YES_AGGRESSIVE;
				GCC_WARN_UNUSED_FUNCTION = YES;
				GCC_WARN_UNUSED_VARIABLE = YES;
				IPHONEOS_DEPLOYMENT_TARGET = 17.2;
				LOCALIZATION_PREFERS_STRING_CATALOGS = YES;
				MTL_ENABLE_DEBUG_INFO = INCLUDE_SOURCE;
				MTL_FAST_MATH = YES;
				ONLY_ACTIVE_ARCH = YES;
				SDKROOT = iphoneos;
				SWIFT_ACTIVE_COMPILATION_CONDITIONS = "DEBUG $(inherited)";
				SWIFT_OPTIMIZATION_LEVEL = "-Onone";
			};
			name = Debug;
		};
		D135B6EA2B824FDB00FE4CB0 /* Release */ = {
			isa = XCBuildConfiguration;
			buildSettings = {
				ALWAYS_SEARCH_USER_PATHS = NO;
				ASSETCATALOG_COMPILER_GENERATE_SWIFT_ASSET_SYMBOL_EXTENSIONS = YES;
				CLANG_ANALYZER_NONNULL = YES;
				CLANG_ANALYZER_NUMBER_OBJECT_CONVERSION = YES_AGGRESSIVE;
				CLANG_CXX_LANGUAGE_STANDARD = "gnu++20";
				CLANG_ENABLE_MODULES = YES;
				CLANG_ENABLE_OBJC_ARC = YES;
				CLANG_ENABLE_OBJC_WEAK = YES;
				CLANG_WARN_BLOCK_CAPTURE_AUTORELEASING = YES;
				CLANG_WARN_BOOL_CONVERSION = YES;
				CLANG_WARN_COMMA = YES;
				CLANG_WARN_CONSTANT_CONVERSION = YES;
				CLANG_WARN_DEPRECATED_OBJC_IMPLEMENTATIONS = YES;
				CLANG_WARN_DIRECT_OBJC_ISA_USAGE = YES_ERROR;
				CLANG_WARN_DOCUMENTATION_COMMENTS = YES;
				CLANG_WARN_EMPTY_BODY = YES;
				CLANG_WARN_ENUM_CONVERSION = YES;
				CLANG_WARN_INFINITE_RECURSION = YES;
				CLANG_WARN_INT_CONVERSION = YES;
				CLANG_WARN_NON_LITERAL_NULL_CONVERSION = YES;
				CLANG_WARN_OBJC_IMPLICIT_RETAIN_SELF = YES;
				CLANG_WARN_OBJC_LITERAL_CONVERSION = YES;
				CLANG_WARN_OBJC_ROOT_CLASS = YES_ERROR;
				CLANG_WARN_QUOTED_INCLUDE_IN_FRAMEWORK_HEADER = YES;
				CLANG_WARN_RANGE_LOOP_ANALYSIS = YES;
				CLANG_WARN_STRICT_PROTOTYPES = YES;
				CLANG_WARN_SUSPICIOUS_MOVE = YES;
				CLANG_WARN_UNGUARDED_AVAILABILITY = YES_AGGRESSIVE;
				CLANG_WARN_UNREACHABLE_CODE = YES;
				CLANG_WARN__DUPLICATE_METHOD_MATCH = YES;
				COPY_PHASE_STRIP = NO;
				DEBUG_INFORMATION_FORMAT = "dwarf-with-dsym";
				ENABLE_NS_ASSERTIONS = NO;
				ENABLE_STRICT_OBJC_MSGSEND = YES;
				ENABLE_USER_SCRIPT_SANDBOXING = YES;
				GCC_C_LANGUAGE_STANDARD = gnu17;
				GCC_NO_COMMON_BLOCKS = YES;
				GCC_WARN_64_TO_32_BIT_CONVERSION = YES;
				GCC_WARN_ABOUT_RETURN_TYPE = YES_ERROR;
				GCC_WARN_UNDECLARED_SELECTOR = YES;
				GCC_WARN_UNINITIALIZED_AUTOS = YES_AGGRESSIVE;
				GCC_WARN_UNUSED_FUNCTION = YES;
				GCC_WARN_UNUSED_VARIABLE = YES;
				IPHONEOS_DEPLOYMENT_TARGET = 17.2;
				LOCALIZATION_PREFERS_STRING_CATALOGS = YES;
				MTL_ENABLE_DEBUG_INFO = NO;
				MTL_FAST_MATH = YES;
				SDKROOT = iphoneos;
				SWIFT_COMPILATION_MODE = wholemodule;
				VALIDATE_PRODUCT = YES;
			};
			name = Release;
		};
		D135B6EC2B824FDB00FE4CB0 /* Debug */ = {
			isa = XCBuildConfiguration;
			buildSettings = {
				ASSETCATALOG_COMPILER_APPICON_NAME = AppIcon;
				ASSETCATALOG_COMPILER_GLOBAL_ACCENT_COLOR_NAME = AccentColor;
				CODE_SIGN_ENTITLEMENTS = "T-Shirt Meals/T-Shirt Meals.entitlements";
				CODE_SIGN_STYLE = Automatic;
				CURRENT_PROJECT_VERSION = 1;
				DEVELOPMENT_ASSET_PATHS = "\"T-Shirt Meals/Preview Content\"";
				DEVELOPMENT_TEAM = R3XJL94A5E;
				ENABLE_PREVIEWS = YES;
				GENERATE_INFOPLIST_FILE = YES;
				INFOPLIST_KEY_CFBundleDisplayName = "T-Shirt Meals";
				INFOPLIST_KEY_LSApplicationCategoryType = "public.app-category.healthcare-fitness";
				INFOPLIST_KEY_UIApplicationSceneManifest_Generation = YES;
				INFOPLIST_KEY_UIApplicationSupportsIndirectInputEvents = YES;
				INFOPLIST_KEY_UILaunchScreen_Generation = YES;
				INFOPLIST_KEY_UIStatusBarStyle = "";
				INFOPLIST_KEY_UISupportedInterfaceOrientations = UIInterfaceOrientationPortrait;
				INFOPLIST_KEY_UISupportedInterfaceOrientations_iPad = "UIInterfaceOrientationLandscapeLeft UIInterfaceOrientationLandscapeRight UIInterfaceOrientationPortrait UIInterfaceOrientationPortraitUpsideDown";
				IPHONEOS_DEPLOYMENT_TARGET = 17.0;
				LD_RUNPATH_SEARCH_PATHS = (
					"$(inherited)",
					"@executable_path/Frameworks",
				);
				MARKETING_VERSION = 1.1;
				PRODUCT_BUNDLE_IDENTIFIER = "com.justinpchang.T-Shirt-Meals";
				PRODUCT_NAME = "$(TARGET_NAME)";
				SUPPORTED_PLATFORMS = "iphoneos iphonesimulator";
				SUPPORTS_MACCATALYST = NO;
				SUPPORTS_MAC_DESIGNED_FOR_IPHONE_IPAD = NO;
				SUPPORTS_XR_DESIGNED_FOR_IPHONE_IPAD = NO;
				SWIFT_EMIT_LOC_STRINGS = YES;
				SWIFT_VERSION = 5.0;
				TARGETED_DEVICE_FAMILY = 1;
			};
			name = Debug;
		};
		D135B6ED2B824FDB00FE4CB0 /* Release */ = {
			isa = XCBuildConfiguration;
			buildSettings = {
				ASSETCATALOG_COMPILER_APPICON_NAME = AppIcon;
				ASSETCATALOG_COMPILER_GLOBAL_ACCENT_COLOR_NAME = AccentColor;
				CODE_SIGN_ENTITLEMENTS = "T-Shirt Meals/T-Shirt Meals.entitlements";
				CODE_SIGN_STYLE = Automatic;
				CURRENT_PROJECT_VERSION = 1;
				DEVELOPMENT_ASSET_PATHS = "\"T-Shirt Meals/Preview Content\"";
				DEVELOPMENT_TEAM = R3XJL94A5E;
				ENABLE_PREVIEWS = YES;
				GENERATE_INFOPLIST_FILE = YES;
				INFOPLIST_KEY_CFBundleDisplayName = "T-Shirt Meals";
				INFOPLIST_KEY_LSApplicationCategoryType = "public.app-category.healthcare-fitness";
				INFOPLIST_KEY_UIApplicationSceneManifest_Generation = YES;
				INFOPLIST_KEY_UIApplicationSupportsIndirectInputEvents = YES;
				INFOPLIST_KEY_UILaunchScreen_Generation = YES;
				INFOPLIST_KEY_UIStatusBarStyle = "";
				INFOPLIST_KEY_UISupportedInterfaceOrientations = UIInterfaceOrientationPortrait;
				INFOPLIST_KEY_UISupportedInterfaceOrientations_iPad = "UIInterfaceOrientationLandscapeLeft UIInterfaceOrientationLandscapeRight UIInterfaceOrientationPortrait UIInterfaceOrientationPortraitUpsideDown";
				IPHONEOS_DEPLOYMENT_TARGET = 17.0;
				LD_RUNPATH_SEARCH_PATHS = (
					"$(inherited)",
					"@executable_path/Frameworks",
				);
				MARKETING_VERSION = 1.1;
				PRODUCT_BUNDLE_IDENTIFIER = "com.justinpchang.T-Shirt-Meals";
				PRODUCT_NAME = "$(TARGET_NAME)";
				SUPPORTED_PLATFORMS = "iphoneos iphonesimulator";
				SUPPORTS_MACCATALYST = NO;
				SUPPORTS_MAC_DESIGNED_FOR_IPHONE_IPAD = NO;
				SUPPORTS_XR_DESIGNED_FOR_IPHONE_IPAD = NO;
				SWIFT_EMIT_LOC_STRINGS = YES;
				SWIFT_VERSION = 5.0;
				TARGETED_DEVICE_FAMILY = 1;
			};
			name = Release;
		};
/* End XCBuildConfiguration section */

/* Begin XCConfigurationList section */
		D135B6D82B824FD900FE4CB0 /* Build configuration list for PBXProject "T-Shirt Meals" */ = {
			isa = XCConfigurationList;
			buildConfigurations = (
				D135B6E92B824FDB00FE4CB0 /* Debug */,
				D135B6EA2B824FDB00FE4CB0 /* Release */,
			);
			defaultConfigurationIsVisible = 0;
			defaultConfigurationName = Release;
		};
		D135B6EB2B824FDB00FE4CB0 /* Build configuration list for PBXNativeTarget "T-Shirt Meals" */ = {
			isa = XCConfigurationList;
			buildConfigurations = (
				D135B6EC2B824FDB00FE4CB0 /* Debug */,
				D135B6ED2B824FDB00FE4CB0 /* Release */,
			);
			defaultConfigurationIsVisible = 0;
			defaultConfigurationName = Release;
		};
/* End XCConfigurationList section */
	};
	rootObject = D135B6D52B824FD900FE4CB0 /* Project object */;
}
