{
  "pins" : [
    {
      "identity" : "swiftuicharts?tab=readme-ov-file",
      "kind" : "remoteSourceControl",
      "location" : "https://github.com/willdale/SwiftUICharts?tab=readme-ov-file",
      "state" : {
        "revision" : "53a3a2f16730af6709283f83a9dc75a3dde252ff",
        "version" : "2.10.2"
      }
    }
  ],
  "version" : 2
}
